// !$*UTF8*$!
{
	archiveVersion = 1;
	classes = {
	};
	objectVersion = 46;
	objects = {

/* Begin PBXBuildFile section */
		6619896A19FEC73B00F6C11A /* main.m in Sources */ = {isa = PBXBuildFile; fileRef = 6619896919FEC73B00F6C11A /* main.m */; };
		6619896D19FEC73B00F6C11A /* AppDelegate.m in Sources */ = {isa = PBXBuildFile; fileRef = 6619896C19FEC73B00F6C11A /* AppDelegate.m */; };
		6619897019FEC73B00F6C11A /* SignUpViewController.m in Sources */ = {isa = PBXBuildFile; fileRef = 6619896F19FEC73B00F6C11A /* SignUpViewController.m */; };
		6619897319FEC73B00F6C11A /* Main.storyboard in Resources */ = {isa = PBXBuildFile; fileRef = 6619897119FEC73B00F6C11A /* Main.storyboard */; };
		6619897519FEC73B00F6C11A /* Images.xcassets in Resources */ = {isa = PBXBuildFile; fileRef = 6619897419FEC73B00F6C11A /* Images.xcassets */; };
		6619897819FEC73B00F6C11A /* LaunchScreen.xib in Resources */ = {isa = PBXBuildFile; fileRef = 6619897619FEC73B00F6C11A /* LaunchScreen.xib */; };
		6619898419FEC73C00F6C11A /* InstagramOreoTests.m in Sources */ = {isa = PBXBuildFile; fileRef = 6619898319FEC73C00F6C11A /* InstagramOreoTests.m */; };
		6619898F19FEC85C00F6C11A /* Bolts.framework in Frameworks */ = {isa = PBXBuildFile; fileRef = 6619898D19FEC85C00F6C11A /* Bolts.framework */; };
		6619899019FEC85C00F6C11A /* Parse.framework in Frameworks */ = {isa = PBXBuildFile; fileRef = 6619898E19FEC85C00F6C11A /* Parse.framework */; };
		6619899219FEC87E00F6C11A /* AudioToolbox.framework in Frameworks */ = {isa = PBXBuildFile; fileRef = 6619899119FEC87E00F6C11A /* AudioToolbox.framework */; };
		6619899419FEC88700F6C11A /* CFNetwork.framework in Frameworks */ = {isa = PBXBuildFile; fileRef = 6619899319FEC88700F6C11A /* CFNetwork.framework */; };
		6619899619FEC89200F6C11A /* CoreGraphics.framework in Frameworks */ = {isa = PBXBuildFile; fileRef = 6619899519FEC89200F6C11A /* CoreGraphics.framework */; };
		6619899819FEC89D00F6C11A /* CoreLocation.framework in Frameworks */ = {isa = PBXBuildFile; fileRef = 6619899719FEC89D00F6C11A /* CoreLocation.framework */; };
		6619899A19FEC8A800F6C11A /* libz.dylib in Frameworks */ = {isa = PBXBuildFile; fileRef = 6619899919FEC8A800F6C11A /* libz.dylib */; };
		6619899C19FEC8B300F6C11A /* MobileCoreServices.framework in Frameworks */ = {isa = PBXBuildFile; fileRef = 6619899B19FEC8B300F6C11A /* MobileCoreServices.framework */; };
		6619899E19FEC8BC00F6C11A /* QuartzCore.framework in Frameworks */ = {isa = PBXBuildFile; fileRef = 6619899D19FEC8BC00F6C11A /* QuartzCore.framework */; };
		661989A019FEC8C600F6C11A /* Security.framework in Frameworks */ = {isa = PBXBuildFile; fileRef = 6619899F19FEC8C600F6C11A /* Security.framework */; };
		661989A219FEC8D000F6C11A /* StoreKit.framework in Frameworks */ = {isa = PBXBuildFile; fileRef = 661989A119FEC8D000F6C11A /* StoreKit.framework */; };
		661989A419FEC8DB00F6C11A /* SystemConfiguration.framework in Frameworks */ = {isa = PBXBuildFile; fileRef = 661989A319FEC8DB00F6C11A /* SystemConfiguration.framework */; };
		661989A719FEDDC600F6C11A /* NewsFeedTableViewController.m in Sources */ = {isa = PBXBuildFile; fileRef = 661989A619FEDDC600F6C11A /* NewsFeedTableViewController.m */; };
		661989AA19FEDE0400F6C11A /* NewsFeedTableViewCell.m in Sources */ = {isa = PBXBuildFile; fileRef = 661989A919FEDE0400F6C11A /* NewsFeedTableViewCell.m */; };
		661989AD19FEDE3100F6C11A /* ExploreCollectionViewController.m in Sources */ = {isa = PBXBuildFile; fileRef = 661989AC19FEDE3100F6C11A /* ExploreCollectionViewController.m */; };
		661989B019FEE24D00F6C11A /* ProfileViewController.m in Sources */ = {isa = PBXBuildFile; fileRef = 661989AF19FEE24D00F6C11A /* ProfileViewController.m */; };
		661989B319FEE26E00F6C11A /* NotificationsTableViewController.m in Sources */ = {isa = PBXBuildFile; fileRef = 661989B219FEE26E00F6C11A /* NotificationsTableViewController.m */; };
		661989B619FEE64500F6C11A /* NotificationTableViewCell.m in Sources */ = {isa = PBXBuildFile; fileRef = 661989B519FEE64500F6C11A /* NotificationTableViewCell.m */; };
		661989BA19FEE6B900F6C11A /* UserProfileTableViewCell.m in Sources */ = {isa = PBXBuildFile; fileRef = 661989B919FEE6B900F6C11A /* UserProfileTableViewCell.m */; };
		661989BD19FEE6E700F6C11A /* ProfilePhotoListTableViewCell.m in Sources */ = {isa = PBXBuildFile; fileRef = 661989BC19FEE6E700F6C11A /* ProfilePhotoListTableViewCell.m */; };
		661989C019FEE6FD00F6C11A /* PhotoProfileCollectionTableViewCell.m in Sources */ = {isa = PBXBuildFile; fileRef = 661989BF19FEE6FD00F6C11A /* PhotoProfileCollectionTableViewCell.m */; };
		661989C519FEE8DA00F6C11A /* Post.m in Sources */ = {isa = PBXBuildFile; fileRef = 661989C419FEE8DA00F6C11A /* Post.m */; };
		661989C819FEFF0C00F6C11A /* PhotoCollectionViewCell.m in Sources */ = {isa = PBXBuildFile; fileRef = 661989C719FEFF0C00F6C11A /* PhotoCollectionViewCell.m */; };
		661989CB19FF037700F6C11A /* CameraViewController.m in Sources */ = {isa = PBXBuildFile; fileRef = 661989CA19FF037700F6C11A /* CameraViewController.m */; };
		661989CE19FF068200F6C11A /* LoginViewController.m in Sources */ = {isa = PBXBuildFile; fileRef = 661989CD19FF068200F6C11A /* LoginViewController.m */; };
		661989D119FF1F6700F6C11A /* PostViewController.m in Sources */ = {isa = PBXBuildFile; fileRef = 661989D019FF1F6700F6C11A /* PostViewController.m */; };
/* End PBXBuildFile section */

/* Begin PBXContainerItemProxy section */
		6619897E19FEC73C00F6C11A /* PBXContainerItemProxy */ = {
			isa = PBXContainerItemProxy;
			containerPortal = 6619895C19FEC73B00F6C11A /* Project object */;
			proxyType = 1;
			remoteGlobalIDString = 6619896319FEC73B00F6C11A;
			remoteInfo = InstagramOreo;
		};
/* End PBXContainerItemProxy section */

/* Begin PBXFileReference section */
		6619896419FEC73B00F6C11A /* InstagramOreo.app */ = {isa = PBXFileReference; explicitFileType = wrapper.application; includeInIndex = 0; path = InstagramOreo.app; sourceTree = BUILT_PRODUCTS_DIR; };
		6619896819FEC73B00F6C11A /* Info.plist */ = {isa = PBXFileReference; lastKnownFileType = text.plist.xml; path = Info.plist; sourceTree = "<group>"; };
		6619896919FEC73B00F6C11A /* main.m */ = {isa = PBXFileReference; lastKnownFileType = sourcecode.c.objc; path = main.m; sourceTree = "<group>"; };
		6619896B19FEC73B00F6C11A /* AppDelegate.h */ = {isa = PBXFileReference; lastKnownFileType = sourcecode.c.h; path = AppDelegate.h; sourceTree = "<group>"; };
		6619896C19FEC73B00F6C11A /* AppDelegate.m */ = {isa = PBXFileReference; lastKnownFileType = sourcecode.c.objc; path = AppDelegate.m; sourceTree = "<group>"; };
		6619896E19FEC73B00F6C11A /* SignUpViewController.h */ = {isa = PBXFileReference; lastKnownFileType = sourcecode.c.h; path = SignUpViewController.h; sourceTree = "<group>"; };
		6619896F19FEC73B00F6C11A /* SignUpViewController.m */ = {isa = PBXFileReference; lastKnownFileType = sourcecode.c.objc; path = SignUpViewController.m; sourceTree = "<group>"; };
		6619897219FEC73B00F6C11A /* Base */ = {isa = PBXFileReference; lastKnownFileType = file.storyboard; name = Base; path = Base.lproj/Main.storyboard; sourceTree = "<group>"; };
		6619897419FEC73B00F6C11A /* Images.xcassets */ = {isa = PBXFileReference; lastKnownFileType = folder.assetcatalog; path = Images.xcassets; sourceTree = "<group>"; };
		6619897719FEC73B00F6C11A /* Base */ = {isa = PBXFileReference; lastKnownFileType = file.xib; name = Base; path = Base.lproj/LaunchScreen.xib; sourceTree = "<group>"; };
		6619897D19FEC73C00F6C11A /* InstagramOreoTests.xctest */ = {isa = PBXFileReference; explicitFileType = wrapper.cfbundle; includeInIndex = 0; path = InstagramOreoTests.xctest; sourceTree = BUILT_PRODUCTS_DIR; };
		6619898219FEC73C00F6C11A /* Info.plist */ = {isa = PBXFileReference; lastKnownFileType = text.plist.xml; path = Info.plist; sourceTree = "<group>"; };
		6619898319FEC73C00F6C11A /* InstagramOreoTests.m */ = {isa = PBXFileReference; lastKnownFileType = sourcecode.c.objc; path = InstagramOreoTests.m; sourceTree = "<group>"; };
		6619898D19FEC85C00F6C11A /* Bolts.framework */ = {isa = PBXFileReference; lastKnownFileType = wrapper.framework; path = Bolts.framework; sourceTree = "<group>"; };
		6619898E19FEC85C00F6C11A /* Parse.framework */ = {isa = PBXFileReference; lastKnownFileType = wrapper.framework; path = Parse.framework; sourceTree = "<group>"; };
		6619899119FEC87E00F6C11A /* AudioToolbox.framework */ = {isa = PBXFileReference; lastKnownFileType = wrapper.framework; name = AudioToolbox.framework; path = System/Library/Frameworks/AudioToolbox.framework; sourceTree = SDKROOT; };
		6619899319FEC88700F6C11A /* CFNetwork.framework */ = {isa = PBXFileReference; lastKnownFileType = wrapper.framework; name = CFNetwork.framework; path = System/Library/Frameworks/CFNetwork.framework; sourceTree = SDKROOT; };
		6619899519FEC89200F6C11A /* CoreGraphics.framework */ = {isa = PBXFileReference; lastKnownFileType = wrapper.framework; name = CoreGraphics.framework; path = System/Library/Frameworks/CoreGraphics.framework; sourceTree = SDKROOT; };
		6619899719FEC89D00F6C11A /* CoreLocation.framework */ = {isa = PBXFileReference; lastKnownFileType = wrapper.framework; name = CoreLocation.framework; path = System/Library/Frameworks/CoreLocation.framework; sourceTree = SDKROOT; };
		6619899919FEC8A800F6C11A /* libz.dylib */ = {isa = PBXFileReference; lastKnownFileType = "compiled.mach-o.dylib"; name = libz.dylib; path = usr/lib/libz.dylib; sourceTree = SDKROOT; };
		6619899B19FEC8B300F6C11A /* MobileCoreServices.framework */ = {isa = PBXFileReference; lastKnownFileType = wrapper.framework; name = MobileCoreServices.framework; path = System/Library/Frameworks/MobileCoreServices.framework; sourceTree = SDKROOT; };
		6619899D19FEC8BC00F6C11A /* QuartzCore.framework */ = {isa = PBXFileReference; lastKnownFileType = wrapper.framework; name = QuartzCore.framework; path = System/Library/Frameworks/QuartzCore.framework; sourceTree = SDKROOT; };
		6619899F19FEC8C600F6C11A /* Security.framework */ = {isa = PBXFileReference; lastKnownFileType = wrapper.framework; name = Security.framework; path = System/Library/Frameworks/Security.framework; sourceTree = SDKROOT; };
		661989A119FEC8D000F6C11A /* StoreKit.framework */ = {isa = PBXFileReference; lastKnownFileType = wrapper.framework; name = StoreKit.framework; path = System/Library/Frameworks/StoreKit.framework; sourceTree = SDKROOT; };
		661989A319FEC8DB00F6C11A /* SystemConfiguration.framework */ = {isa = PBXFileReference; lastKnownFileType = wrapper.framework; name = SystemConfiguration.framework; path = System/Library/Frameworks/SystemConfiguration.framework; sourceTree = SDKROOT; };
		661989A519FEDDC600F6C11A /* NewsFeedTableViewController.h */ = {isa = PBXFileReference; fileEncoding = 4; lastKnownFileType = sourcecode.c.h; path = NewsFeedTableViewController.h; sourceTree = "<group>"; };
		661989A619FEDDC600F6C11A /* NewsFeedTableViewController.m */ = {isa = PBXFileReference; fileEncoding = 4; lastKnownFileType = sourcecode.c.objc; path = NewsFeedTableViewController.m; sourceTree = "<group>"; };
		661989A819FEDE0400F6C11A /* NewsFeedTableViewCell.h */ = {isa = PBXFileReference; fileEncoding = 4; lastKnownFileType = sourcecode.c.h; path = NewsFeedTableViewCell.h; sourceTree = "<group>"; };
		661989A919FEDE0400F6C11A /* NewsFeedTableViewCell.m */ = {isa = PBXFileReference; fileEncoding = 4; lastKnownFileType = sourcecode.c.objc; path = NewsFeedTableViewCell.m; sourceTree = "<group>"; };
		661989AB19FEDE3100F6C11A /* ExploreCollectionViewController.h */ = {isa = PBXFileReference; fileEncoding = 4; lastKnownFileType = sourcecode.c.h; path = ExploreCollectionViewController.h; sourceTree = "<group>"; };
		661989AC19FEDE3100F6C11A /* ExploreCollectionViewController.m */ = {isa = PBXFileReference; fileEncoding = 4; lastKnownFileType = sourcecode.c.objc; path = ExploreCollectionViewController.m; sourceTree = "<group>"; };
		661989AE19FEE24D00F6C11A /* ProfileViewController.h */ = {isa = PBXFileReference; fileEncoding = 4; lastKnownFileType = sourcecode.c.h; path = ProfileViewController.h; sourceTree = "<group>"; };
		661989AF19FEE24D00F6C11A /* ProfileViewController.m */ = {isa = PBXFileReference; fileEncoding = 4; lastKnownFileType = sourcecode.c.objc; path = ProfileViewController.m; sourceTree = "<group>"; };
		661989B119FEE26E00F6C11A /* NotificationsTableViewController.h */ = {isa = PBXFileReference; fileEncoding = 4; lastKnownFileType = sourcecode.c.h; path = NotificationsTableViewController.h; sourceTree = "<group>"; };
		661989B219FEE26E00F6C11A /* NotificationsTableViewController.m */ = {isa = PBXFileReference; fileEncoding = 4; lastKnownFileType = sourcecode.c.objc; path = NotificationsTableViewController.m; sourceTree = "<group>"; };
		661989B419FEE64500F6C11A /* NotificationTableViewCell.h */ = {isa = PBXFileReference; fileEncoding = 4; lastKnownFileType = sourcecode.c.h; path = NotificationTableViewCell.h; sourceTree = "<group>"; };
		661989B519FEE64500F6C11A /* NotificationTableViewCell.m */ = {isa = PBXFileReference; fileEncoding = 4; lastKnownFileType = sourcecode.c.objc; path = NotificationTableViewCell.m; sourceTree = "<group>"; };
		661989B819FEE6B900F6C11A /* UserProfileTableViewCell.h */ = {isa = PBXFileReference; fileEncoding = 4; lastKnownFileType = sourcecode.c.h; path = UserProfileTableViewCell.h; sourceTree = "<group>"; };
		661989B919FEE6B900F6C11A /* UserProfileTableViewCell.m */ = {isa = PBXFileReference; fileEncoding = 4; lastKnownFileType = sourcecode.c.objc; path = UserProfileTableViewCell.m; sourceTree = "<group>"; };
		661989BB19FEE6E700F6C11A /* ProfilePhotoListTableViewCell.h */ = {isa = PBXFileReference; fileEncoding = 4; lastKnownFileType = sourcecode.c.h; path = ProfilePhotoListTableViewCell.h; sourceTree = "<group>"; };
		661989BC19FEE6E700F6C11A /* ProfilePhotoListTableViewCell.m */ = {isa = PBXFileReference; fileEncoding = 4; lastKnownFileType = sourcecode.c.objc; path = ProfilePhotoListTableViewCell.m; sourceTree = "<group>"; };
		661989BE19FEE6FD00F6C11A /* PhotoProfileCollectionTableViewCell.h */ = {isa = PBXFileReference; fileEncoding = 4; lastKnownFileType = sourcecode.c.h; path = PhotoProfileCollectionTableViewCell.h; sourceTree = "<group>"; };
		661989BF19FEE6FD00F6C11A /* PhotoProfileCollectionTableViewCell.m */ = {isa = PBXFileReference; fileEncoding = 4; lastKnownFileType = sourcecode.c.objc; path = PhotoProfileCollectionTableViewCell.m; sourceTree = "<group>"; };
		661989C319FEE8DA00F6C11A /* Post.h */ = {isa = PBXFileReference; fileEncoding = 4; lastKnownFileType = sourcecode.c.h; path = Post.h; sourceTree = "<group>"; };
		661989C419FEE8DA00F6C11A /* Post.m */ = {isa = PBXFileReference; fileEncoding = 4; lastKnownFileType = sourcecode.c.objc; path = Post.m; sourceTree = "<group>"; };
		661989C619FEFF0C00F6C11A /* PhotoCollectionViewCell.h */ = {isa = PBXFileReference; fileEncoding = 4; lastKnownFileType = sourcecode.c.h; path = PhotoCollectionViewCell.h; sourceTree = "<group>"; };
		661989C719FEFF0C00F6C11A /* PhotoCollectionViewCell.m */ = {isa = PBXFileReference; fileEncoding = 4; lastKnownFileType = sourcecode.c.objc; path = PhotoCollectionViewCell.m; sourceTree = "<group>"; };
		661989C919FF037700F6C11A /* CameraViewController.h */ = {isa = PBXFileReference; fileEncoding = 4; lastKnownFileType = sourcecode.c.h; path = CameraViewController.h; sourceTree = "<group>"; };
		661989CA19FF037700F6C11A /* CameraViewController.m */ = {isa = PBXFileReference; fileEncoding = 4; lastKnownFileType = sourcecode.c.objc; path = CameraViewController.m; sourceTree = "<group>"; };
		661989CC19FF068200F6C11A /* LoginViewController.h */ = {isa = PBXFileReference; fileEncoding = 4; lastKnownFileType = sourcecode.c.h; path = LoginViewController.h; sourceTree = "<group>"; };
		661989CD19FF068200F6C11A /* LoginViewController.m */ = {isa = PBXFileReference; fileEncoding = 4; lastKnownFileType = sourcecode.c.objc; path = LoginViewController.m; sourceTree = "<group>"; };
		661989CF19FF1F6700F6C11A /* PostViewController.h */ = {isa = PBXFileReference; fileEncoding = 4; lastKnownFileType = sourcecode.c.h; path = PostViewController.h; sourceTree = "<group>"; };
		661989D019FF1F6700F6C11A /* PostViewController.m */ = {isa = PBXFileReference; fileEncoding = 4; lastKnownFileType = sourcecode.c.objc; path = PostViewController.m; sourceTree = "<group>"; };
/* End PBXFileReference section */

/* Begin PBXFrameworksBuildPhase section */
		6619896119FEC73B00F6C11A /* Frameworks */ = {
			isa = PBXFrameworksBuildPhase;
			buildActionMask = 2147483647;
			files = (
				661989A419FEC8DB00F6C11A /* SystemConfiguration.framework in Frameworks */,
				661989A219FEC8D000F6C11A /* StoreKit.framework in Frameworks */,
				661989A019FEC8C600F6C11A /* Security.framework in Frameworks */,
				6619899E19FEC8BC00F6C11A /* QuartzCore.framework in Frameworks */,
				6619899C19FEC8B300F6C11A /* MobileCoreServices.framework in Frameworks */,
				6619899A19FEC8A800F6C11A /* libz.dylib in Frameworks */,
				6619899819FEC89D00F6C11A /* CoreLocation.framework in Frameworks */,
				6619899619FEC89200F6C11A /* CoreGraphics.framework in Frameworks */,
				6619899419FEC88700F6C11A /* CFNetwork.framework in Frameworks */,
				6619899219FEC87E00F6C11A /* AudioToolbox.framework in Frameworks */,
				6619899019FEC85C00F6C11A /* Parse.framework in Frameworks */,
				6619898F19FEC85C00F6C11A /* Bolts.framework in Frameworks */,
			);
			runOnlyForDeploymentPostprocessing = 0;
		};
		6619897A19FEC73C00F6C11A /* Frameworks */ = {
			isa = PBXFrameworksBuildPhase;
			buildActionMask = 2147483647;
			files = (
			);
			runOnlyForDeploymentPostprocessing = 0;
		};
/* End PBXFrameworksBuildPhase section */

/* Begin PBXGroup section */
		6619895B19FEC73B00F6C11A = {
			isa = PBXGroup;
			children = (
				6619896619FEC73B00F6C11A /* InstagramOreo */,
				6619898019FEC73C00F6C11A /* InstagramOreoTests */,
				6619896519FEC73B00F6C11A /* Products */,
			);
			sourceTree = "<group>";
		};
		6619896519FEC73B00F6C11A /* Products */ = {
			isa = PBXGroup;
			children = (
				6619896419FEC73B00F6C11A /* InstagramOreo.app */,
				6619897D19FEC73C00F6C11A /* InstagramOreoTests.xctest */,
			);
			name = Products;
			sourceTree = "<group>";
		};
		6619896619FEC73B00F6C11A /* InstagramOreo */ = {
			isa = PBXGroup;
			children = (
				6619896B19FEC73B00F6C11A /* AppDelegate.h */,
				6619896C19FEC73B00F6C11A /* AppDelegate.m */,
				6619896E19FEC73B00F6C11A /* SignUpViewController.h */,
				6619896F19FEC73B00F6C11A /* SignUpViewController.m */,
				661989CC19FF068200F6C11A /* LoginViewController.h */,
				661989CD19FF068200F6C11A /* LoginViewController.m */,
				6619897119FEC73B00F6C11A /* Main.storyboard */,
				661989CF19FF1F6700F6C11A /* PostViewController.h */,
				661989D019FF1F6700F6C11A /* PostViewController.m */,
				661989C919FF037700F6C11A /* CameraViewController.h */,
				661989CA19FF037700F6C11A /* CameraViewController.m */,
				661989C619FEFF0C00F6C11A /* PhotoCollectionViewCell.h */,
				661989C719FEFF0C00F6C11A /* PhotoCollectionViewCell.m */,
				661989C119FEE70700F6C11A /* Profile View Controller */,
				661989B719FEE67800F6C11A /* Notification Table View */,
				661989C219FEE71B00F6C11A /* News Feed Table View */,
				661989AB19FEDE3100F6C11A /* ExploreCollectionViewController.h */,
				661989AC19FEDE3100F6C11A /* ExploreCollectionViewController.m */,
				661989C319FEE8DA00F6C11A /* Post.h */,
				661989C419FEE8DA00F6C11A /* Post.m */,
				6619897419FEC73B00F6C11A /* Images.xcassets */,
				6619897619FEC73B00F6C11A /* LaunchScreen.xib */,
				6619896719FEC73B00F6C11A /* Supporting Files */,
			);
			path = InstagramOreo;
			sourceTree = "<group>";
		};
		6619896719FEC73B00F6C11A /* Supporting Files */ = {
			isa = PBXGroup;
			children = (
				661989A319FEC8DB00F6C11A /* SystemConfiguration.framework */,
				661989A119FEC8D000F6C11A /* StoreKit.framework */,
				6619899F19FEC8C600F6C11A /* Security.framework */,
				6619899D19FEC8BC00F6C11A /* QuartzCore.framework */,
				6619899B19FEC8B300F6C11A /* MobileCoreServices.framework */,
				6619899919FEC8A800F6C11A /* libz.dylib */,
				6619899719FEC89D00F6C11A /* CoreLocation.framework */,
				6619899519FEC89200F6C11A /* CoreGraphics.framework */,
				6619899319FEC88700F6C11A /* CFNetwork.framework */,
				6619899119FEC87E00F6C11A /* AudioToolbox.framework */,
				6619898D19FEC85C00F6C11A /* Bolts.framework */,
				6619898E19FEC85C00F6C11A /* Parse.framework */,
				6619896819FEC73B00F6C11A /* Info.plist */,
				6619896919FEC73B00F6C11A /* main.m */,
			);
			name = "Supporting Files";
			sourceTree = "<group>";
		};
		6619898019FEC73C00F6C11A /* InstagramOreoTests */ = {
			isa = PBXGroup;
			children = (
				6619898319FEC73C00F6C11A /* InstagramOreoTests.m */,
				6619898119FEC73C00F6C11A /* Supporting Files */,
			);
			path = InstagramOreoTests;
			sourceTree = "<group>";
		};
		6619898119FEC73C00F6C11A /* Supporting Files */ = {
			isa = PBXGroup;
			children = (
				6619898219FEC73C00F6C11A /* Info.plist */,
			);
			name = "Supporting Files";
			sourceTree = "<group>";
		};
		661989B719FEE67800F6C11A /* Notification Table View */ = {
			isa = PBXGroup;
			children = (
				661989B119FEE26E00F6C11A /* NotificationsTableViewController.h */,
				661989B219FEE26E00F6C11A /* NotificationsTableViewController.m */,
				661989B419FEE64500F6C11A /* NotificationTableViewCell.h */,
				661989B519FEE64500F6C11A /* NotificationTableViewCell.m */,
			);
			name = "Notification Table View";
			sourceTree = "<group>";
		};
		661989C119FEE70700F6C11A /* Profile View Controller */ = {
			isa = PBXGroup;
			children = (
				661989AE19FEE24D00F6C11A /* ProfileViewController.h */,
				661989AF19FEE24D00F6C11A /* ProfileViewController.m */,
				661989B819FEE6B900F6C11A /* UserProfileTableViewCell.h */,
				661989B919FEE6B900F6C11A /* UserProfileTableViewCell.m */,
				661989BB19FEE6E700F6C11A /* ProfilePhotoListTableViewCell.h */,
				661989BC19FEE6E700F6C11A /* ProfilePhotoListTableViewCell.m */,
				661989BE19FEE6FD00F6C11A /* PhotoProfileCollectionTableViewCell.h */,
				661989BF19FEE6FD00F6C11A /* PhotoProfileCollectionTableViewCell.m */,
			);
			name = "Profile View Controller";
			sourceTree = "<group>";
		};
		661989C219FEE71B00F6C11A /* News Feed Table View */ = {
			isa = PBXGroup;
			children = (
				661989A519FEDDC600F6C11A /* NewsFeedTableViewController.h */,
				661989A619FEDDC600F6C11A /* NewsFeedTableViewController.m */,
				661989A819FEDE0400F6C11A /* NewsFeedTableViewCell.h */,
				661989A919FEDE0400F6C11A /* NewsFeedTableViewCell.m */,
			);
			name = "News Feed Table View";
			sourceTree = "<group>";
		};
/* End PBXGroup section */

/* Begin PBXNativeTarget section */
		6619896319FEC73B00F6C11A /* InstagramOreo */ = {
			isa = PBXNativeTarget;
			buildConfigurationList = 6619898719FEC73C00F6C11A /* Build configuration list for PBXNativeTarget "InstagramOreo" */;
			buildPhases = (
				6619896019FEC73B00F6C11A /* Sources */,
				6619896119FEC73B00F6C11A /* Frameworks */,
				6619896219FEC73B00F6C11A /* Resources */,
			);
			buildRules = (
			);
			dependencies = (
			);
			name = InstagramOreo;
			productName = InstagramOreo;
			productReference = 6619896419FEC73B00F6C11A /* InstagramOreo.app */;
			productType = "com.apple.product-type.application";
		};
		6619897C19FEC73C00F6C11A /* InstagramOreoTests */ = {
			isa = PBXNativeTarget;
			buildConfigurationList = 6619898A19FEC73C00F6C11A /* Build configuration list for PBXNativeTarget "InstagramOreoTests" */;
			buildPhases = (
				6619897919FEC73C00F6C11A /* Sources */,
				6619897A19FEC73C00F6C11A /* Frameworks */,
				6619897B19FEC73C00F6C11A /* Resources */,
			);
			buildRules = (
			);
			dependencies = (
				6619897F19FEC73C00F6C11A /* PBXTargetDependency */,
			);
			name = InstagramOreoTests;
			productName = InstagramOreoTests;
			productReference = 6619897D19FEC73C00F6C11A /* InstagramOreoTests.xctest */;
			productType = "com.apple.product-type.bundle.unit-test";
		};
/* End PBXNativeTarget section */

/* Begin PBXProject section */
		6619895C19FEC73B00F6C11A /* Project object */ = {
			isa = PBXProject;
			attributes = {
				LastUpgradeCheck = 0610;
				ORGANIZATIONNAME = MobileMakers;
				TargetAttributes = {
					6619896319FEC73B00F6C11A = {
						CreatedOnToolsVersion = 6.1;
					};
					6619897C19FEC73C00F6C11A = {
						CreatedOnToolsVersion = 6.1;
						TestTargetID = 6619896319FEC73B00F6C11A;
					};
				};
			};
			buildConfigurationList = 6619895F19FEC73B00F6C11A /* Build configuration list for PBXProject "InstagramOreo" */;
			compatibilityVersion = "Xcode 3.2";
			developmentRegion = English;
			hasScannedForEncodings = 0;
			knownRegions = (
				en,
				Base,
			);
			mainGroup = 6619895B19FEC73B00F6C11A;
			productRefGroup = 6619896519FEC73B00F6C11A /* Products */;
			projectDirPath = "";
			projectRoot = "";
			targets = (
				6619896319FEC73B00F6C11A /* InstagramOreo */,
				6619897C19FEC73C00F6C11A /* InstagramOreoTests */,
			);
		};
/* End PBXProject section */

/* Begin PBXResourcesBuildPhase section */
		6619896219FEC73B00F6C11A /* Resources */ = {
			isa = PBXResourcesBuildPhase;
			buildActionMask = 2147483647;
			files = (
				6619897319FEC73B00F6C11A /* Main.storyboard in Resources */,
				6619897819FEC73B00F6C11A /* LaunchScreen.xib in Resources */,
				6619897519FEC73B00F6C11A /* Images.xcassets in Resources */,
			);
			runOnlyForDeploymentPostprocessing = 0;
		};
		6619897B19FEC73C00F6C11A /* Resources */ = {
			isa = PBXResourcesBuildPhase;
			buildActionMask = 2147483647;
			files = (
			);
			runOnlyForDeploymentPostprocessing = 0;
		};
/* End PBXResourcesBuildPhase section */

/* Begin PBXSourcesBuildPhase section */
		6619896019FEC73B00F6C11A /* Sources */ = {
			isa = PBXSourcesBuildPhase;
			buildActionMask = 2147483647;
			files = (
				661989CB19FF037700F6C11A /* CameraViewController.m in Sources */,
				661989C519FEE8DA00F6C11A /* Post.m in Sources */,
				661989A719FEDDC600F6C11A /* NewsFeedTableViewController.m in Sources */,
				6619897019FEC73B00F6C11A /* SignUpViewController.m in Sources */,
				661989AD19FEDE3100F6C11A /* ExploreCollectionViewController.m in Sources */,
				661989AA19FEDE0400F6C11A /* NewsFeedTableViewCell.m in Sources */,
				661989BA19FEE6B900F6C11A /* UserProfileTableViewCell.m in Sources */,
				661989B619FEE64500F6C11A /* NotificationTableViewCell.m in Sources */,
				661989CE19FF068200F6C11A /* LoginViewController.m in Sources */,
				661989C819FEFF0C00F6C11A /* PhotoCollectionViewCell.m in Sources */,
				661989B019FEE24D00F6C11A /* ProfileViewController.m in Sources */,
				6619896D19FEC73B00F6C11A /* AppDelegate.m in Sources */,
				661989BD19FEE6E700F6C11A /* ProfilePhotoListTableViewCell.m in Sources */,
				661989B319FEE26E00F6C11A /* NotificationsTableViewController.m in Sources */,
				661989C019FEE6FD00F6C11A /* PhotoProfileCollectionTableViewCell.m in Sources */,
				6619896A19FEC73B00F6C11A /* main.m in Sources */,
				661989D119FF1F6700F6C11A /* PostViewController.m in Sources */,
			);
			runOnlyForDeploymentPostprocessing = 0;
		};
		6619897919FEC73C00F6C11A /* Sources */ = {
			isa = PBXSourcesBuildPhase;
			buildActionMask = 2147483647;
			files = (
				6619898419FEC73C00F6C11A /* InstagramOreoTests.m in Sources */,
			);
			runOnlyForDeploymentPostprocessing = 0;
		};
/* End PBXSourcesBuildPhase section */

/* Begin PBXTargetDependency section */
		6619897F19FEC73C00F6C11A /* PBXTargetDependency */ = {
			isa = PBXTargetDependency;
			target = 6619896319FEC73B00F6C11A /* InstagramOreo */;
			targetProxy = 6619897E19FEC73C00F6C11A /* PBXContainerItemProxy */;
		};
/* End PBXTargetDependency section */

/* Begin PBXVariantGroup section */
		6619897119FEC73B00F6C11A /* Main.storyboard */ = {
			isa = PBXVariantGroup;
			children = (
				6619897219FEC73B00F6C11A /* Base */,
			);
			name = Main.storyboard;
			sourceTree = "<group>";
		};
		6619897619FEC73B00F6C11A /* LaunchScreen.xib */ = {
			isa = PBXVariantGroup;
			children = (
				6619897719FEC73B00F6C11A /* Base */,
			);
			name = LaunchScreen.xib;
			sourceTree = "<group>";
		};
/* End PBXVariantGroup section */

/* Begin XCBuildConfiguration section */
		6619898519FEC73C00F6C11A /* Debug */ = {
			isa = XCBuildConfiguration;
			buildSettings = {
				ALWAYS_SEARCH_USER_PATHS = NO;
				CLANG_CXX_LANGUAGE_STANDARD = "gnu++0x";
				CLANG_CXX_LIBRARY = "libc++";
				CLANG_ENABLE_MODULES = YES;
				CLANG_ENABLE_OBJC_ARC = YES;
				CLANG_WARN_BOOL_CONVERSION = YES;
				CLANG_WARN_CONSTANT_CONVERSION = YES;
				CLANG_WARN_DIRECT_OBJC_ISA_USAGE = YES_ERROR;
				CLANG_WARN_EMPTY_BODY = YES;
				CLANG_WARN_ENUM_CONVERSION = YES;
				CLANG_WARN_INT_CONVERSION = YES;
				CLANG_WARN_OBJC_ROOT_CLASS = YES_ERROR;
				CLANG_WARN_UNREACHABLE_CODE = YES;
				CLANG_WARN__DUPLICATE_METHOD_MATCH = YES;
				"CODE_SIGN_IDENTITY[sdk=iphoneos*]" = "iPhone Developer";
				COPY_PHASE_STRIP = NO;
				ENABLE_STRICT_OBJC_MSGSEND = YES;
				GCC_C_LANGUAGE_STANDARD = gnu99;
				GCC_DYNAMIC_NO_PIC = NO;
				GCC_OPTIMIZATION_LEVEL = 0;
				GCC_PREPROCESSOR_DEFINITIONS = (
					"DEBUG=1",
					"$(inherited)",
				);
				GCC_SYMBOLS_PRIVATE_EXTERN = NO;
				GCC_WARN_64_TO_32_BIT_CONVERSION = YES;
				GCC_WARN_ABOUT_RETURN_TYPE = YES_ERROR;
				GCC_WARN_UNDECLARED_SELECTOR = YES;
				GCC_WARN_UNINITIALIZED_AUTOS = YES_AGGRESSIVE;
				GCC_WARN_UNUSED_FUNCTION = YES;
				GCC_WARN_UNUSED_VARIABLE = YES;
				IPHONEOS_DEPLOYMENT_TARGET = 8.1;
				MTL_ENABLE_DEBUG_INFO = YES;
				ONLY_ACTIVE_ARCH = YES;
				SDKROOT = iphoneos;
			};
			name = Debug;
		};
		6619898619FEC73C00F6C11A /* Release */ = {
			isa = XCBuildConfiguration;
			buildSettings = {
				ALWAYS_SEARCH_USER_PATHS = NO;
				CLANG_CXX_LANGUAGE_STANDARD = "gnu++0x";
				CLANG_CXX_LIBRARY = "libc++";
				CLANG_ENABLE_MODULES = YES;
				CLANG_ENABLE_OBJC_ARC = YES;
				CLANG_WARN_BOOL_CONVERSION = YES;
				CLANG_WARN_CONSTANT_CONVERSION = YES;
				CLANG_WARN_DIRECT_OBJC_ISA_USAGE = YES_ERROR;
				CLANG_WARN_EMPTY_BODY = YES;
				CLANG_WARN_ENUM_CONVERSION = YES;
				CLANG_WARN_INT_CONVERSION = YES;
				CLANG_WARN_OBJC_ROOT_CLASS = YES_ERROR;
				CLANG_WARN_UNREACHABLE_CODE = YES;
				CLANG_WARN__DUPLICATE_METHOD_MATCH = YES;
				"CODE_SIGN_IDENTITY[sdk=iphoneos*]" = "iPhone Developer";
				COPY_PHASE_STRIP = YES;
				ENABLE_NS_ASSERTIONS = NO;
				ENABLE_STRICT_OBJC_MSGSEND = YES;
				GCC_C_LANGUAGE_STANDARD = gnu99;
				GCC_WARN_64_TO_32_BIT_CONVERSION = YES;
				GCC_WARN_ABOUT_RETURN_TYPE = YES_ERROR;
				GCC_WARN_UNDECLARED_SELECTOR = YES;
				GCC_WARN_UNINITIALIZED_AUTOS = YES_AGGRESSIVE;
				GCC_WARN_UNUSED_FUNCTION = YES;
				GCC_WARN_UNUSED_VARIABLE = YES;
				IPHONEOS_DEPLOYMENT_TARGET = 8.1;
				MTL_ENABLE_DEBUG_INFO = NO;
				SDKROOT = iphoneos;
				VALIDATE_PRODUCT = YES;
			};
			name = Release;
		};
		6619898819FEC73C00F6C11A /* Debug */ = {
			isa = XCBuildConfiguration;
			buildSettings = {
				ASSETCATALOG_COMPILER_APPICON_NAME = AppIcon;
				FRAMEWORK_SEARCH_PATHS = (
					"$(inherited)",
					"$(PROJECT_DIR)/InstagramOreo",
				);
				INFOPLIST_FILE = InstagramOreo/Info.plist;
				LD_RUNPATH_SEARCH_PATHS = "$(inherited) @executable_path/Frameworks";
				PRODUCT_NAME = "$(TARGET_NAME)";
			};
			name = Debug;
		};
		6619898919FEC73C00F6C11A /* Release */ = {
			isa = XCBuildConfiguration;
			buildSettings = {
				ASSETCATALOG_COMPILER_APPICON_NAME = AppIcon;
				FRAMEWORK_SEARCH_PATHS = (
					"$(inherited)",
					"$(PROJECT_DIR)/InstagramOreo",
				);
				INFOPLIST_FILE = InstagramOreo/Info.plist;
				LD_RUNPATH_SEARCH_PATHS = "$(inherited) @executable_path/Frameworks";
				PRODUCT_NAME = "$(TARGET_NAME)";
			};
			name = Release;
		};
		6619898B19FEC73C00F6C11A /* Debug */ = {
			isa = XCBuildConfiguration;
			buildSettings = {
				BUNDLE_LOADER = "$(TEST_HOST)";
				FRAMEWORK_SEARCH_PATHS = (
					"$(SDKROOT)/Developer/Library/Frameworks",
					"$(inherited)",
				);
				GCC_PREPROCESSOR_DEFINITIONS = (
					"DEBUG=1",
					"$(inherited)",
				);
				INFOPLIST_FILE = InstagramOreoTests/Info.plist;
				LD_RUNPATH_SEARCH_PATHS = "$(inherited) @executable_path/Frameworks @loader_path/Frameworks";
				PRODUCT_NAME = "$(TARGET_NAME)";
				TEST_HOST = "$(BUILT_PRODUCTS_DIR)/InstagramOreo.app/InstagramOreo";
			};
			name = Debug;
		};
		6619898C19FEC73C00F6C11A /* Release */ = {
			isa = XCBuildConfiguration;
			buildSettings = {
				BUNDLE_LOADER = "$(TEST_HOST)";
				FRAMEWORK_SEARCH_PATHS = (
					"$(SDKROOT)/Developer/Library/Frameworks",
					"$(inherited)",
				);
				INFOPLIST_FILE = InstagramOreoTests/Info.plist;
				LD_RUNPATH_SEARCH_PATHS = "$(inherited) @executable_path/Frameworks @loader_path/Frameworks";
				PRODUCT_NAME = "$(TARGET_NAME)";
				TEST_HOST = "$(BUILT_PRODUCTS_DIR)/InstagramOreo.app/InstagramOreo";
			};
			name = Release;
		};
/* End XCBuildConfiguration section */

/* Begin XCConfigurationList section */
		6619895F19FEC73B00F6C11A /* Build configuration list for PBXProject "InstagramOreo" */ = {
			isa = XCConfigurationList;
			buildConfigurations = (
				6619898519FEC73C00F6C11A /* Debug */,
				6619898619FEC73C00F6C11A /* Release */,
			);
			defaultConfigurationIsVisible = 0;
			defaultConfigurationName = Release;
		};
		6619898719FEC73C00F6C11A /* Build configuration list for PBXNativeTarget "InstagramOreo" */ = {
			isa = XCConfigurationList;
			buildConfigurations = (
				6619898819FEC73C00F6C11A /* Debug */,
				6619898919FEC73C00F6C11A /* Release */,
			);
			defaultConfigurationIsVisible = 0;
			defaultConfigurationName = Release;
		};
		6619898A19FEC73C00F6C11A /* Build configuration list for PBXNativeTarget "InstagramOreoTests" */ = {
			isa = XCConfigurationList;
			buildConfigurations = (
				6619898B19FEC73C00F6C11A /* Debug */,
				6619898C19FEC73C00F6C11A /* Release */,
			);
			defaultConfigurationIsVisible = 0;
			defaultConfigurationName = Release;
		};
/* End XCConfigurationList section */
	};
	rootObject = 6619895C19FEC73B00F6C11A /* Project object */;
}
